
Microsoft Visual Studio Solution File, Format Version 12.00
# Visual Studio Version 17
VisualStudioVersion = 17.12.35527.113
MinimumVisualStudioVersion = 10.0.40219.1
Project("{8BC9CEB8-8B4A-11D0-8D11-00A0C91BC942}") = "R6-Sound-Switch", "R6-Sound-Switch\R6-Sound-Switch.vcxproj", "{5410204C-E235-454D-9558-5A782A7BCEF5}"
EndProject
Project("{8BC9CEB8-8B4A-11D0-8D11-00A0C91BC942}") = "R6-Sound-Switch-GUI", "R6-Sound-Switch-GUI\R6-Sound-Switch-GUI.vcxproj", "{2A39A84C-6047-413B-A363-BA58C16DCF86}"
EndProject
Global
	GlobalSection(SolutionConfigurationPlatforms) = preSolution
		Debug|x64 = Debug|x64
		Debug|x86 = Debug|x86
		Release|x64 = Release|x64
		Release|x86 = Release|x86
	EndGlobalSection
	GlobalSection(ProjectConfigurationPlatforms) = postSolution
		{5410204C-E235-454D-9558-5A782A7BCEF5}.Debug|x64.ActiveCfg = Debug|x64
		{5410204C-E235-454D-9558-5A782A7BCEF5}.Debug|x64.Build.0 = Debug|x64
		{5410204C-E235-454D-9558-5A782A7BCEF5}.Debug|x86.ActiveCfg = Debug|Win32
		{5410204C-E235-454D-9558-5A782A7BCEF5}.Debug|x86.Build.0 = Debug|Win32
		{5410204C-E235-454D-9558-5A782A7BCEF5}.Release|x64.ActiveCfg = Release|x64
		{5410204C-E235-454D-9558-5A782A7BCEF5}.Release|x64.Build.0 = Release|x64
		{5410204C-E235-454D-9558-5A782A7BCEF5}.Release|x86.ActiveCfg = Release|Win32
		{5410204C-E235-454D-9558-5A782A7BCEF5}.Release|x86.Build.0 = Release|Win32
		{2A39A84C-6047-413B-A363-BA58C16DCF86}.Debug|x64.ActiveCfg = Debug|x64
		{2A39A84C-6047-413B-A363-BA58C16DCF86}.Debug|x64.Build.0 = Debug|x64
		{2A39A84C-6047-413B-A363-BA58C16DCF86}.Debug|x86.ActiveCfg = Debug|Win32
		{2A39A84C-6047-413B-A363-BA58C16DCF86}.Debug|x86.Build.0 = Debug|Win32
		{2A39A84C-6047-413B-A363-BA58C16DCF86}.Release|x64.ActiveCfg = Release|x64
		{2A39A84C-6047-413B-A363-BA58C16DCF86}.Release|x64.Build.0 = Release|x64
		{2A39A84C-6047-413B-A363-BA58C16DCF86}.Release|x86.ActiveCfg = Release|Win32
		{2A39A84C-6047-413B-A363-BA58C16DCF86}.Release|x86.Build.0 = Release|Win32
	EndGlobalSection
	GlobalSection(SolutionProperties) = preSolution
		HideSolutionNode = FALSE
	EndGlobalSection
EndGlobal
